{
  "nodes": {
    "home-manager": {
      "inputs": {
        "nixpkgs": [
          "nixpkgs"
        ]
      },
      "locked": {
        "lastModified": 1790199334,
        "narHash": "sha256-EAIvpJtPEqxRO8eXLSj/6AqHMDTxxpd+l2PZVG/Pswk=",
        "owner": "nix-community",
        "repo": "home-manager",
        "rev": "aa09c3b459bf536af336393a175f8416adb49fb0",
        "type": "github"
      },
      "original": {
        "owner": "nix-community",
        "repo": "home-manager",
        "type": "github"
      }
    },
    "m3shapes": {
      "inputs": {
        "nixpkgs": [
          "nixpkgs"
        ]
      },
      "locked": {
        "lastModified": 1789658020,
        "narHash": "sha256-VsztSn0D8sxAFNcwnHCCR3lNf8+3qgcHiYurgYhsKcE=",
        "owner": "soramanew",
        "repo": "m3shapes",
        "rev": "8a6fe8961749887d677700b6508e0c9249968b7e",
        "type": "github"
      },
      "original": {
        "owner": "soramanew",
        "repo": "m3shapes",
        "type": "github"
      }
    },
    "nixos-hardware": {
      "inputs": {
        "nixpkgs": [
          "nixpkgs"
        ]
      },
      "locked": {
        "lastModified": 1789978172,
        "narHash": "sha256-FIRXajv1pPZ+l6On6ekkmcQ6le0Zi0ncRUoR3nB0vKA=",
        "owner": "NixOS",
        "repo": "nixos-hardware",
        "rev": "9ebcb7766700d7e006d9505247bd7ce0426f4232",
        "type": "github"
      },
      "original": {
        "owner": "NixOS",
        "repo": "nixos-hardware",
        "type": "github"
      }
    },
    "nixpkgs": {
      "locked": {
        "lastModified": 1790185690,
        "narHash": "sha256-xJ+X4hBtOcAFGBOe5nAMyMUeF9foJBmIOu3NjBqBycU=",
        "owner": "NixOS",
        "repo": "nixpkgs",
        "rev": "4975466d324710c576dc11ad614684e6bd8cad8e",
        "type": "github"
      },
      "original": {
        "owner": "NixOS",
        "ref": "nixos-unstable",
        "repo": "nixpkgs",
        "type": "github"
      }
    },
    "root": {
      "inputs": {
        "home-manager": "home-manager",
        "m3shapes": "m3shapes",
        "nixos-hardware": "nixos-hardware",
        "nixpkgs": "nixpkgs",
        "silentSDDM": "silentSDDM",
        "spicetify-nix": "spicetify-nix"
      }
    },
    "silentSDDM": {
      "inputs": {
        "nixpkgs": [
          "nixpkgs"
        ]
      },
      "locked": {
        "lastModified": 1789658369,
        "narHash": "sha256-5OWSB4OSVl9P60B1X9siRoNIIkhzEzWtiAna//YmFFI=",
        "owner": "uiriansan",
        "repo": "SilentSDDM",
        "rev": "73380d331fe0f8b8a3b17991bb917a0d438a4d34",
        "type": "github"
      },
      "original": {
        "owner": "uiriansan",
        "repo": "SilentSDDM",
        "type": "github"
      }
    },
    "spicetify-nix": {
      "inputs": {
        "nixpkgs": [
          "nixpkgs"
        ],
        "systems": "systems"
      },
      "locked": {
        "lastModified": 1790025920,
        "narHash": "sha256-SmeXQetF/hQbhz0qVv3qv7QxvfKhhrJ+tgYQLYkFJZk=",
        "owner": "Gerg-L",
        "repo": "spicetify-nix",
        "rev": "e96330757db4c93b10c31b85feb23ffa693f7b2d",
        "type": "github"
      },
      "original": {
        "owner": "Gerg-L",
        "repo": "spicetify-nix",
        "type": "github"
      }
    },
    "systems": {
      "locked": {
        "lastModified": 1681028828,
        "narHash": "sha256-Vy1rq5AaRuLzOxct8nz4T6wlgyUR7zLU309k9mBC768=",
        "owner": "nix-systems",
        "repo": "default",
        "rev": "da67096a3b9bf56a91d16901293e51ba5b49a27e",
        "type": "github"
      },
      "original": {
        "owner": "nix-systems",
        "repo": "default",
        "type": "github"
      }
    }
  },
  "root": "root",
  "version": 7
}
